
Microsoft Visual Studio Solution File, Format Version 12.00
# Visual Studio Version 16
VisualStudioVersion = 16.0.31702.278
MinimumVisualStudioVersion = 10.0.40219.1
Project("{FAE04EC0-301F-11D3-BF4B-00C04F79EFBC}") = "boletimEscolar", "boletimEscolar\boletimEscolar.csproj", "{D89005B5-0D2A-4837-9BC6-1B90A2D87D73}"
EndProject
Global
	GlobalSection(SolutionConfigurationPlatforms) = preSolution
		Debug|Any CPU = Debug|Any CPU
		Release|Any CPU = Release|Any CPU
	EndGlobalSection
	GlobalSection(ProjectConfigurationPlatforms) = postSolution
		{D89005B5-0D2A-4837-9BC6-1B90A2D87D73}.Debug|Any CPU.ActiveCfg = Debug|Any CPU
		{D89005B5-0D2A-4837-9BC6-1B90A2D87D73}.Debug|Any CPU.Build.0 = Debug|Any CPU
		{D89005B5-0D2A-4837-9BC6-1B90A2D87D73}.Release|Any CPU.ActiveCfg = Release|Any CPU
		{D89005B5-0D2A-4837-9BC6-1B90A2D87D73}.Release|Any CPU.Build.0 = Release|Any CPU
	EndGlobalSection
	GlobalSection(SolutionProperties) = preSolution
		HideSolutionNode = FALSE
	EndGlobalSection
	GlobalSection(ExtensibilityGlobals) = postSolution
		SolutionGuid = {74E6BF5F-DEC5-4953-97D6-BCBC36EB9A1E}
	EndGlobalSection
EndGlobal
