
Microsoft Visual Studio Solution File, Format Version 12.00
# Visual Studio Version 16
VisualStudioVersion = 16.0.31702.278
MinimumVisualStudioVersion = 10.0.40219.1
Project("{FAE04EC0-301F-11D3-BF4B-00C04F79EFBC}") = "aula09", "aula09\aula09.csproj", "{CBE73CC9-D537-4AD6-B420-AE4C3EE32875}"
EndProject
Global
	GlobalSection(SolutionConfigurationPlatforms) = preSolution
		Debug|Any CPU = Debug|Any CPU
		Release|Any CPU = Release|Any CPU
	EndGlobalSection
	GlobalSection(ProjectConfigurationPlatforms) = postSolution
		{CBE73CC9-D537-4AD6-B420-AE4C3EE32875}.Debug|Any CPU.ActiveCfg = Debug|Any CPU
		{CBE73CC9-D537-4AD6-B420-AE4C3EE32875}.Debug|Any CPU.Build.0 = Debug|Any CPU
		{CBE73CC9-D537-4AD6-B420-AE4C3EE32875}.Release|Any CPU.ActiveCfg = Release|Any CPU
		{CBE73CC9-D537-4AD6-B420-AE4C3EE32875}.Release|Any CPU.Build.0 = Release|Any CPU
	EndGlobalSection
	GlobalSection(SolutionProperties) = preSolution
		HideSolutionNode = FALSE
	EndGlobalSection
	GlobalSection(ExtensibilityGlobals) = postSolution
		SolutionGuid = {2D5A3875-17B4-4FE9-A203-375D75045573}
	EndGlobalSection
EndGlobal
